<?xml version="1.0" encoding="utf-8"?>
<Project ToolsVersion="4.0" xmlns="http://schemas.microsoft.com/developer/msbuild/2003">
  <ItemGroup>
    <Filter Include="Core">
      <UniqueIdentifier>{16f16930-d2ae-4016-9513-042b6f37bee9}</UniqueIdentifier>
    </Filter>
    <Filter Include="WayPointAlgorithm">
      <UniqueIdentifier>{e6b46ce9-db8d-42b5-9454-784dd3af7a53}</UniqueIdentifier>
    </Filter>
    <Filter Include="Base">
      <UniqueIdentifier>{7df3406a-494b-4774-96d5-5d29adb0743e}</UniqueIdentifier>
    </Filter>
    <Filter Include="Net">
      <UniqueIdentifier>{ab41c2e5-44a4-42b9-969b-9a194532f0b2}</UniqueIdentifier>
    </Filter>
    <Filter Include="Global">
      <UniqueIdentifier>{453591e0-b2fa-4637-9616-3e3456b8407b}</UniqueIdentifier>
    </Filter>
  </ItemGroup>
  <ItemGroup>
    <ClCompile Include="main.cpp">
      <Filter>Core</Filter>
    </ClCompile>
    <ClCompile Include="WayPointAlgo.cpp">
      <Filter>WayPointAlgorithm</Filter>
    </ClCompile>
    <ClCompile Include="Point.cpp">
      <Filter>Base</Filter>
    </ClCompile>
    <ClCompile Include="Display.cpp">
      <Filter>Base</Filter>
    </ClCompile>
    <ClCompile Include="Server.cpp">
      <Filter>Net</Filter>
    </ClCompile>
    <ClCompile Include="ServerProtocol.cpp">
      <Filter>Net</Filter>
    </ClCompile>
    <ClCompile Include="ServerPacket.cpp">
      <Filter>Net</Filter>
    </ClCompile>
    <ClCompile Include="ServerSerializer.cpp">
      <Filter>Base</Filter>
    </ClCompile>
    <ClCompile Include="Interpreter.cpp">
      <Filter>Net</Filter>
    </ClCompile>
    <ClCompile Include="GlobalValue.cpp">
      <Filter>Global</Filter>
    </ClCompile>
  </ItemGroup>
  <ItemGroup>
    <ClInclude Include="WayPointAlgo.h">
      <Filter>WayPointAlgorithm</Filter>
    </ClInclude>
    <ClInclude Include="Point.h">
      <Filter>Base</Filter>
    </ClInclude>
    <ClInclude Include="Display.h">
      <Filter>Base</Filter>
    </ClInclude>
    <ClInclude Include="Server.h">
      <Filter>Net</Filter>
    </ClInclude>
    <ClInclude Include="ServerProtocol.h">
      <Filter>Net</Filter>
    </ClInclude>
    <ClInclude Include="ServerPacket.h">
      <Filter>Net</Filter>
    </ClInclude>
    <ClInclude Include="ServerSerializer.h">
      <Filter>Base</Filter>
    </ClInclude>
    <ClInclude Include="Interpreter.h">
      <Filter>Net</Filter>
    </ClInclude>
    <ClInclude Include="GlobalValue.h">
      <Filter>Global</Filter>
    </ClInclude>
  </ItemGroup>
</Project>